
Microsoft Visual Studio Solution File, Format Version 12.00
# Visual Studio Version 17
VisualStudioVersion = 17.3.32825.248
MinimumVisualStudioVersion = 10.0.40219.1
Project("{FAE04EC0-301F-11D3-BF4B-00C04F79EFBC}") = "GitHubAPI", "GitHubAPI\GitHubAPI.csproj", "{AF74434A-E21A-4496-A8A6-680F91138A5B}"
EndProject
Global
	GlobalSection(SolutionConfigurationPlatforms) = preSolution
		Debug|Any CPU = Debug|Any CPU
		Release|Any CPU = Release|Any CPU
	EndGlobalSection
	GlobalSection(ProjectConfigurationPlatforms) = postSolution
		{AF74434A-E21A-4496-A8A6-680F91138A5B}.Debug|Any CPU.ActiveCfg = Debug|Any CPU
		{AF74434A-E21A-4496-A8A6-680F91138A5B}.Debug|Any CPU.Build.0 = Debug|Any CPU
		{AF74434A-E21A-4496-A8A6-680F91138A5B}.Release|Any CPU.ActiveCfg = Release|Any CPU
		{AF74434A-E21A-4496-A8A6-680F91138A5B}.Release|Any CPU.Build.0 = Release|Any CPU
	EndGlobalSection
	GlobalSection(SolutionProperties) = preSolution
		HideSolutionNode = FALSE
	EndGlobalSection
	GlobalSection(ExtensibilityGlobals) = postSolution
		SolutionGuid = {83945C73-32F7-401F-8E28-D41B3AD6D379}
	EndGlobalSection
EndGlobal
